
Microsoft Visual Studio Solution File, Format Version 12.00
# Visual Studio Version 17
VisualStudioVersion = 17.14.36221.1 d17.14
MinimumVisualStudioVersion = 10.0.40219.1
Project("{FAE04EC0-301F-11D3-BF4B-00C04F79EFBC}") = "KafkaWinApp", "KafkaWinApp\KafkaWinApp.csproj", "{3BFE98BF-F6E6-45E9-AE34-A86492D16248}"
EndProject
Global
	GlobalSection(SolutionConfigurationPlatforms) = preSolution
		Debug|Any CPU = Debug|Any CPU
		Release|Any CPU = Release|Any CPU
	EndGlobalSection
	GlobalSection(ProjectConfigurationPlatforms) = postSolution
		{3BFE98BF-F6E6-45E9-AE34-A86492D16248}.Debug|Any CPU.ActiveCfg = Debug|Any CPU
		{3BFE98BF-F6E6-45E9-AE34-A86492D16248}.Debug|Any CPU.Build.0 = Debug|Any CPU
		{3BFE98BF-F6E6-45E9-AE34-A86492D16248}.Release|Any CPU.ActiveCfg = Release|Any CPU
		{3BFE98BF-F6E6-45E9-AE34-A86492D16248}.Release|Any CPU.Build.0 = Release|Any CPU
	EndGlobalSection
	GlobalSection(SolutionProperties) = preSolution
		HideSolutionNode = FALSE
	EndGlobalSection
	GlobalSection(ExtensibilityGlobals) = postSolution
		SolutionGuid = {E2EF2282-7995-4143-9EC5-3CC8B4D2EE72}
	EndGlobalSection
EndGlobal
